// !$*UTF8*$!
{
	archiveVersion = 1;
	classes = {
	};
	objectVersion = 51;
	objects = {

/* Begin PBXBuildFile section */
		52EF561F50CF4EF2E15C37D6 /* Pods_VKNews.framework in Frameworks */ = {isa = PBXBuildFile; fileRef = D300FF47BA793646EC8D1F86 /* Pods_VKNews.framework */; };
		6BD4FD39258FC431002AA914 /* AppDelegate.swift in Sources */ = {isa = PBXBuildFile; fileRef = 6BD4FD38258FC431002AA914 /* AppDelegate.swift */; };
		6BD4FD3B258FC431002AA914 /* SceneDelegate.swift in Sources */ = {isa = PBXBuildFile; fileRef = 6BD4FD3A258FC431002AA914 /* SceneDelegate.swift */; };
		6BD4FD3D258FC431002AA914 /* AuthViewController.swift in Sources */ = {isa = PBXBuildFile; fileRef = 6BD4FD3C258FC431002AA914 /* AuthViewController.swift */; };
		6BD4FD42258FC434002AA914 /* Assets.xcassets in Resources */ = {isa = PBXBuildFile; fileRef = 6BD4FD41258FC434002AA914 /* Assets.xcassets */; };
		6BD4FD45258FC434002AA914 /* LaunchScreen.storyboard in Resources */ = {isa = PBXBuildFile; fileRef = 6BD4FD43258FC434002AA914 /* LaunchScreen.storyboard */; };
		6BD4FD57258FCA50002AA914 /* AuthService.swift in Sources */ = {isa = PBXBuildFile; fileRef = 6BD4FD56258FCA50002AA914 /* AuthService.swift */; };
		6BD4FD63258FCD19002AA914 /* AuthViewController.storyboard in Resources */ = {isa = PBXBuildFile; fileRef = 6BD4FD62258FCD19002AA914 /* AuthViewController.storyboard */; };
/* End PBXBuildFile section */

/* Begin PBXFileReference section */
		6BD4FD35258FC431002AA914 /* VKNews.app */ = {isa = PBXFileReference; explicitFileType = wrapper.application; includeInIndex = 0; path = VKNews.app; sourceTree = BUILT_PRODUCTS_DIR; };
		6BD4FD38258FC431002AA914 /* AppDelegate.swift */ = {isa = PBXFileReference; lastKnownFileType = sourcecode.swift; path = AppDelegate.swift; sourceTree = "<group>"; };
		6BD4FD3A258FC431002AA914 /* SceneDelegate.swift */ = {isa = PBXFileReference; lastKnownFileType = sourcecode.swift; path = SceneDelegate.swift; sourceTree = "<group>"; };
		6BD4FD3C258FC431002AA914 /* AuthViewController.swift */ = {isa = PBXFileReference; lastKnownFileType = sourcecode.swift; path = AuthViewController.swift; sourceTree = "<group>"; };
		6BD4FD41258FC434002AA914 /* Assets.xcassets */ = {isa = PBXFileReference; lastKnownFileType = folder.assetcatalog; path = Assets.xcassets; sourceTree = "<group>"; };
		6BD4FD44258FC434002AA914 /* Base */ = {isa = PBXFileReference; lastKnownFileType = file.storyboard; name = Base; path = Base.lproj/LaunchScreen.storyboard; sourceTree = "<group>"; };
		6BD4FD46258FC434002AA914 /* Info.plist */ = {isa = PBXFileReference; lastKnownFileType = text.plist.xml; path = Info.plist; sourceTree = "<group>"; };
		6BD4FD56258FCA50002AA914 /* AuthService.swift */ = {isa = PBXFileReference; lastKnownFileType = sourcecode.swift; path = AuthService.swift; sourceTree = "<group>"; };
		6BD4FD62258FCD19002AA914 /* AuthViewController.storyboard */ = {isa = PBXFileReference; lastKnownFileType = file.storyboard; path = AuthViewController.storyboard; sourceTree = "<group>"; };
		9191A94954AD5DDF6F6A31A6 /* Pods-VKNews.debug.xcconfig */ = {isa = PBXFileReference; includeInIndex = 1; lastKnownFileType = text.xcconfig; name = "Pods-VKNews.debug.xcconfig"; path = "Target Support Files/Pods-VKNews/Pods-VKNews.debug.xcconfig"; sourceTree = "<group>"; };
		B5960B0E3034A22527117A74 /* Pods-VKNews.release.xcconfig */ = {isa = PBXFileReference; includeInIndex = 1; lastKnownFileType = text.xcconfig; name = "Pods-VKNews.release.xcconfig"; path = "Target Support Files/Pods-VKNews/Pods-VKNews.release.xcconfig"; sourceTree = "<group>"; };
		D300FF47BA793646EC8D1F86 /* Pods_VKNews.framework */ = {isa = PBXFileReference; explicitFileType = wrapper.framework; includeInIndex = 0; path = Pods_VKNews.framework; sourceTree = BUILT_PRODUCTS_DIR; };
/* End PBXFileReference section */

/* Begin PBXFrameworksBuildPhase section */
		6BD4FD32258FC431002AA914 /* Frameworks */ = {
			isa = PBXFrameworksBuildPhase;
			buildActionMask = 2147483647;
			files = (
				52EF561F50CF4EF2E15C37D6 /* Pods_VKNews.framework in Frameworks */,
			);
			runOnlyForDeploymentPostprocessing = 0;
		};
/* End PBXFrameworksBuildPhase section */

/* Begin PBXGroup section */
		6BD4FD2C258FC431002AA914 = {
			isa = PBXGroup;
			children = (
				6BD4FD37258FC431002AA914 /* VKNews */,
				6BD4FD36258FC431002AA914 /* Products */,
				80AB9A7C83B2C0FBAE91CA53 /* Pods */,
				B7B7D519F5C37162B520B683 /* Frameworks */,
			);
			sourceTree = "<group>";
		};
		6BD4FD36258FC431002AA914 /* Products */ = {
			isa = PBXGroup;
			children = (
				6BD4FD35258FC431002AA914 /* VKNews.app */,
			);
			name = Products;
			sourceTree = "<group>";
		};
		6BD4FD37258FC431002AA914 /* VKNews */ = {
			isa = PBXGroup;
			children = (
				6BD4FD38258FC431002AA914 /* AppDelegate.swift */,
				6BD4FD3A258FC431002AA914 /* SceneDelegate.swift */,
				6BD4FD3C258FC431002AA914 /* AuthViewController.swift */,
				6BD4FD62258FCD19002AA914 /* AuthViewController.storyboard */,
				6BD4FD5A258FCA5D002AA914 /* Services */,
				6BD4FD41258FC434002AA914 /* Assets.xcassets */,
				6BD4FD43258FC434002AA914 /* LaunchScreen.storyboard */,
				6BD4FD46258FC434002AA914 /* Info.plist */,
			);
			path = VKNews;
			sourceTree = "<group>";
		};
		6BD4FD5A258FCA5D002AA914 /* Services */ = {
			isa = PBXGroup;
			children = (
				6BD4FD56258FCA50002AA914 /* AuthService.swift */,
			);
			path = Services;
			sourceTree = "<group>";
		};
		80AB9A7C83B2C0FBAE91CA53 /* Pods */ = {
			isa = PBXGroup;
			children = (
				9191A94954AD5DDF6F6A31A6 /* Pods-VKNews.debug.xcconfig */,
				B5960B0E3034A22527117A74 /* Pods-VKNews.release.xcconfig */,
			);
			path = Pods;
			sourceTree = "<group>";
		};
		B7B7D519F5C37162B520B683 /* Frameworks */ = {
			isa = PBXGroup;
			children = (
				D300FF47BA793646EC8D1F86 /* Pods_VKNews.framework */,
			);
			name = Frameworks;
			sourceTree = "<group>";
		};
/* End PBXGroup section */

/* Begin PBXNativeTarget section */
		6BD4FD34258FC431002AA914 /* VKNews */ = {
			isa = PBXNativeTarget;
			buildConfigurationList = 6BD4FD49258FC434002AA914 /* Build configuration list for PBXNativeTarget "VKNews" */;
			buildPhases = (
				7AA2C3CDC8BCA937DFE58F6F /* [CP] Check Pods Manifest.lock */,
				6BD4FD31258FC431002AA914 /* Sources */,
				6BD4FD32258FC431002AA914 /* Frameworks */,
				6BD4FD33258FC431002AA914 /* Resources */,
				53C91DDB4467DBCCEB35017F /* [CP] Embed Pods Frameworks */,
			);
			buildRules = (
			);
			dependencies = (
			);
			name = VKNews;
			productName = VKNews;
			productReference = 6BD4FD35258FC431002AA914 /* VKNews.app */;
			productType = "com.apple.product-type.application";
		};
/* End PBXNativeTarget section */

/* Begin PBXProject section */
		6BD4FD2D258FC431002AA914 /* Project object */ = {
			isa = PBXProject;
			attributes = {
				LastSwiftUpdateCheck = 1230;
				LastUpgradeCheck = 1230;
				TargetAttributes = {
					6BD4FD34258FC431002AA914 = {
						CreatedOnToolsVersion = 12.3;
					};
				};
			};
			buildConfigurationList = 6BD4FD30258FC431002AA914 /* Build configuration list for PBXProject "VKNews" */;
			compatibilityVersion = "Xcode 9.3";
			developmentRegion = en;
			hasScannedForEncodings = 0;
			knownRegions = (
				en,
				Base,
			);
			mainGroup = 6BD4FD2C258FC431002AA914;
			productRefGroup = 6BD4FD36258FC431002AA914 /* Products */;
			projectDirPath = "";
			projectRoot = "";
			targets = (
				6BD4FD34258FC431002AA914 /* VKNews */,
			);
		};
/* End PBXProject section */

/* Begin PBXResourcesBuildPhase section */
		6BD4FD33258FC431002AA914 /* Resources */ = {
			isa = PBXResourcesBuildPhase;
			buildActionMask = 2147483647;
			files = (
				6BD4FD45258FC434002AA914 /* LaunchScreen.storyboard in Resources */,
				6BD4FD63258FCD19002AA914 /* AuthViewController.storyboard in Resources */,
				6BD4FD42258FC434002AA914 /* Assets.xcassets in Resources */,
			);
			runOnlyForDeploymentPostprocessing = 0;
		};
/* End PBXResourcesBuildPhase section */

/* Begin PBXShellScriptBuildPhase section */
		53C91DDB4467DBCCEB35017F /* [CP] Embed Pods Frameworks */ = {
			isa = PBXShellScriptBuildPhase;
			buildActionMask = 2147483647;
			files = (
			);
			inputFileListPaths = (
				"${PODS_ROOT}/Target Support Files/Pods-VKNews/Pods-VKNews-frameworks-${CONFIGURATION}-input-files.xcfilelist",
			);
			name = "[CP] Embed Pods Frameworks";
			outputFileListPaths = (
				"${PODS_ROOT}/Target Support Files/Pods-VKNews/Pods-VKNews-frameworks-${CONFIGURATION}-output-files.xcfilelist",
			);
			runOnlyForDeploymentPostprocessing = 0;
			shellPath = /bin/sh;
			shellScript = "\"${PODS_ROOT}/Target Support Files/Pods-VKNews/Pods-VKNews-frameworks.sh\"\n";
			showEnvVarsInLog = 0;
		};
		7AA2C3CDC8BCA937DFE58F6F /* [CP] Check Pods Manifest.lock */ = {
			isa = PBXShellScriptBuildPhase;
			buildActionMask = 2147483647;
			files = (
			);
			inputFileListPaths = (
			);
			inputPaths = (
				"${PODS_PODFILE_DIR_PATH}/Podfile.lock",
				"${PODS_ROOT}/Manifest.lock",
			);
			name = "[CP] Check Pods Manifest.lock";
			outputFileListPaths = (
			);
			outputPaths = (
				"$(DERIVED_FILE_DIR)/Pods-VKNews-checkManifestLockResult.txt",
			);
			runOnlyForDeploymentPostprocessing = 0;
			shellPath = /bin/sh;
			shellScript = "diff \"${PODS_PODFILE_DIR_PATH}/Podfile.lock\" \"${PODS_ROOT}/Manifest.lock\" > /dev/null\nif [ $? != 0 ] ; then\n    # print error to STDERR\n    echo \"error: The sandbox is not in sync with the Podfile.lock. Run 'pod install' or update your CocoaPods installation.\" >&2\n    exit 1\nfi\n# This output is used by Xcode 'outputs' to avoid re-running this script phase.\necho \"SUCCESS\" > \"${SCRIPT_OUTPUT_FILE_0}\"\n";
			showEnvVarsInLog = 0;
		};
/* End PBXShellScriptBuildPhase section */

/* Begin PBXSourcesBuildPhase section */
		6BD4FD31258FC431002AA914 /* Sources */ = {
			isa = PBXSourcesBuildPhase;
			buildActionMask = 2147483647;
			files = (
				6BD4FD3D258FC431002AA914 /* AuthViewController.swift in Sources */,
				6BD4FD39258FC431002AA914 /* AppDelegate.swift in Sources */,
				6BD4FD3B258FC431002AA914 /* SceneDelegate.swift in Sources */,
				6BD4FD57258FCA50002AA914 /* AuthService.swift in Sources */,
			);
			runOnlyForDeploymentPostprocessing = 0;
		};
/* End PBXSourcesBuildPhase section */

/* Begin PBXVariantGroup section */
		6BD4FD43258FC434002AA914 /* LaunchScreen.storyboard */ = {
			isa = PBXVariantGroup;
			children = (
				6BD4FD44258FC434002AA914 /* Base */,
			);
			name = LaunchScreen.storyboard;
			sourceTree = "<group>";
		};
/* End PBXVariantGroup section */

/* Begin XCBuildConfiguration section */
		6BD4FD47258FC434002AA914 /* Debug */ = {
			isa = XCBuildConfiguration;
			buildSettings = {
				ALWAYS_SEARCH_USER_PATHS = NO;
				CLANG_ANALYZER_NONNULL = YES;
				CLANG_ANALYZER_NUMBER_OBJECT_CONVERSION = YES_AGGRESSIVE;
				CLANG_CXX_LANGUAGE_STANDARD = "gnu++14";
				CLANG_CXX_LIBRARY = "libc++";
				CLANG_ENABLE_MODULES = YES;
				CLANG_ENABLE_OBJC_ARC = YES;
				CLANG_ENABLE_OBJC_WEAK = YES;
				CLANG_WARN_BLOCK_CAPTURE_AUTORELEASING = YES;
				CLANG_WARN_BOOL_CONVERSION = YES;
				CLANG_WARN_COMMA = YES;
				CLANG_WARN_CONSTANT_CONVERSION = YES;
				CLANG_WARN_DEPRECATED_OBJC_IMPLEMENTATIONS = YES;
				CLANG_WARN_DIRECT_OBJC_ISA_USAGE = YES_ERROR;
				CLANG_WARN_DOCUMENTATION_COMMENTS = YES;
				CLANG_WARN_EMPTY_BODY = YES;
				CLANG_WARN_ENUM_CONVERSION = YES;
				CLANG_WARN_INFINITE_RECURSION = YES;
				CLANG_WARN_INT_CONVERSION = YES;
				CLANG_WARN_NON_LITERAL_NULL_CONVERSION = YES;
				CLANG_WARN_OBJC_IMPLICIT_RETAIN_SELF = YES;
				CLANG_WARN_OBJC_LITERAL_CONVERSION = YES;
				CLANG_WARN_OBJC_ROOT_CLASS = YES_ERROR;
				CLANG_WARN_QUOTED_INCLUDE_IN_FRAMEWORK_HEADER = YES;
				CLANG_WARN_RANGE_LOOP_ANALYSIS = YES;
				CLANG_WARN_STRICT_PROTOTYPES = YES;
				CLANG_WARN_SUSPICIOUS_MOVE = YES;
				CLANG_WARN_UNGUARDED_AVAILABILITY = YES_AGGRESSIVE;
				CLANG_WARN_UNREACHABLE_CODE = YES;
				CLANG_WARN__DUPLICATE_METHOD_MATCH = YES;
				COPY_PHASE_STRIP = NO;
				DEBUG_INFORMATION_FORMAT = dwarf;
				ENABLE_STRICT_OBJC_MSGSEND = YES;
				ENABLE_TESTABILITY = YES;
				GCC_C_LANGUAGE_STANDARD = gnu11;
				GCC_DYNAMIC_NO_PIC = NO;
				GCC_NO_COMMON_BLOCKS = YES;
				GCC_OPTIMIZATION_LEVEL = 0;
				GCC_PREPROCESSOR_DEFINITIONS = (
					"DEBUG=1",
					"$(inherited)",
				);
				GCC_WARN_64_TO_32_BIT_CONVERSION = YES;
				GCC_WARN_ABOUT_RETURN_TYPE = YES_ERROR;
				GCC_WARN_UNDECLARED_SELECTOR = YES;
				GCC_WARN_UNINITIALIZED_AUTOS = YES_AGGRESSIVE;
				GCC_WARN_UNUSED_FUNCTION = YES;
				GCC_WARN_UNUSED_VARIABLE = YES;
				IPHONEOS_DEPLOYMENT_TARGET = 14.3;
				MTL_ENABLE_DEBUG_INFO = INCLUDE_SOURCE;
				MTL_FAST_MATH = YES;
				ONLY_ACTIVE_ARCH = YES;
				SDKROOT = iphoneos;
				SWIFT_ACTIVE_COMPILATION_CONDITIONS = DEBUG;
				SWIFT_OPTIMIZATION_LEVEL = "-Onone";
			};
			name = Debug;
		};
		6BD4FD48258FC434002AA914 /* Release */ = {
			isa = XCBuildConfiguration;
			buildSettings = {
				ALWAYS_SEARCH_USER_PATHS = NO;
				CLANG_ANALYZER_NONNULL = YES;
				CLANG_ANALYZER_NUMBER_OBJECT_CONVERSION = YES_AGGRESSIVE;
				CLANG_CXX_LANGUAGE_STANDARD = "gnu++14";
				CLANG_CXX_LIBRARY = "libc++";
				CLANG_ENABLE_MODULES = YES;
				CLANG_ENABLE_OBJC_ARC = YES;
				CLANG_ENABLE_OBJC_WEAK = YES;
				CLANG_WARN_BLOCK_CAPTURE_AUTORELEASING = YES;
				CLANG_WARN_BOOL_CONVERSION = YES;
				CLANG_WARN_COMMA = YES;
				CLANG_WARN_CONSTANT_CONVERSION = YES;
				CLANG_WARN_DEPRECATED_OBJC_IMPLEMENTATIONS = YES;
				CLANG_WARN_DIRECT_OBJC_ISA_USAGE = YES_ERROR;
				CLANG_WARN_DOCUMENTATION_COMMENTS = YES;
				CLANG_WARN_EMPTY_BODY = YES;
				CLANG_WARN_ENUM_CONVERSION = YES;
				CLANG_WARN_INFINITE_RECURSION = YES;
				CLANG_WARN_INT_CONVERSION = YES;
				CLANG_WARN_NON_LITERAL_NULL_CONVERSION = YES;
				CLANG_WARN_OBJC_IMPLICIT_RETAIN_SELF = YES;
				CLANG_WARN_OBJC_LITERAL_CONVERSION = YES;
				CLANG_WARN_OBJC_ROOT_CLASS = YES_ERROR;
				CLANG_WARN_QUOTED_INCLUDE_IN_FRAMEWORK_HEADER = YES;
				CLANG_WARN_RANGE_LOOP_ANALYSIS = YES;
				CLANG_WARN_STRICT_PROTOTYPES = YES;
				CLANG_WARN_SUSPICIOUS_MOVE = YES;
				CLANG_WARN_UNGUARDED_AVAILABILITY = YES_AGGRESSIVE;
				CLANG_WARN_UNREACHABLE_CODE = YES;
				CLANG_WARN__DUPLICATE_METHOD_MATCH = YES;
				COPY_PHASE_STRIP = NO;
				DEBUG_INFORMATION_FORMAT = "dwarf-with-dsym";
				ENABLE_NS_ASSERTIONS = NO;
				ENABLE_STRICT_OBJC_MSGSEND = YES;
				GCC_C_LANGUAGE_STANDARD = gnu11;
				GCC_NO_COMMON_BLOCKS = YES;
				GCC_WARN_64_TO_32_BIT_CONVERSION = YES;
				GCC_WARN_ABOUT_RETURN_TYPE = YES_ERROR;
				GCC_WARN_UNDECLARED_SELECTOR = YES;
				GCC_WARN_UNINITIALIZED_AUTOS = YES_AGGRESSIVE;
				GCC_WARN_UNUSED_FUNCTION = YES;
				GCC_WARN_UNUSED_VARIABLE = YES;
				IPHONEOS_DEPLOYMENT_TARGET = 14.3;
				MTL_ENABLE_DEBUG_INFO = NO;
				MTL_FAST_MATH = YES;
				SDKROOT = iphoneos;
				SWIFT_COMPILATION_MODE = wholemodule;
				SWIFT_OPTIMIZATION_LEVEL = "-O";
				VALIDATE_PRODUCT = YES;
			};
			name = Release;
		};
		6BD4FD4A258FC434002AA914 /* Debug */ = {
			isa = XCBuildConfiguration;
			baseConfigurationReference = 9191A94954AD5DDF6F6A31A6 /* Pods-VKNews.debug.xcconfig */;
			buildSettings = {
				ASSETCATALOG_COMPILER_APPICON_NAME = AppIcon;
				ASSETCATALOG_COMPILER_GLOBAL_ACCENT_COLOR_NAME = AccentColor;
				CODE_SIGN_STYLE = Automatic;
				DEVELOPMENT_TEAM = L2PAJC487U;
				INFOPLIST_FILE = VKNews/Info.plist;
				IPHONEOS_DEPLOYMENT_TARGET = 13.0;
				LD_RUNPATH_SEARCH_PATHS = (
					"$(inherited)",
					"@executable_path/Frameworks",
				);
				PRODUCT_BUNDLE_IDENTIFIER = kiseleff.VKNews;
				PRODUCT_NAME = "$(TARGET_NAME)";
				SWIFT_VERSION = 5.0;
				TARGETED_DEVICE_FAMILY = 1;
			};
			name = Debug;
		};
		6BD4FD4B258FC434002AA914 /* Release */ = {
			isa = XCBuildConfiguration;
			baseConfigurationReference = B5960B0E3034A22527117A74 /* Pods-VKNews.release.xcconfig */;
			buildSettings = {
				ASSETCATALOG_COMPILER_APPICON_NAME = AppIcon;
				ASSETCATALOG_COMPILER_GLOBAL_ACCENT_COLOR_NAME = AccentColor;
				CODE_SIGN_STYLE = Automatic;
				DEVELOPMENT_TEAM = L2PAJC487U;
				INFOPLIST_FILE = VKNews/Info.plist;
				IPHONEOS_DEPLOYMENT_TARGET = 13.0;
				LD_RUNPATH_SEARCH_PATHS = (
					"$(inherited)",
					"@executable_path/Frameworks",
				);
				PRODUCT_BUNDLE_IDENTIFIER = kiseleff.VKNews;
				PRODUCT_NAME = "$(TARGET_NAME)";
				SWIFT_VERSION = 5.0;
				TARGETED_DEVICE_FAMILY = 1;
			};
			name = Release;
		};
/* End XCBuildConfiguration section */

/* Begin XCConfigurationList section */
		6BD4FD30258FC431002AA914 /* Build configuration list for PBXProject "VKNews" */ = {
			isa = XCConfigurationList;
			buildConfigurations = (
				6BD4FD47258FC434002AA914 /* Debug */,
				6BD4FD48258FC434002AA914 /* Release */,
			);
			defaultConfigurationIsVisible = 0;
			defaultConfigurationName = Release;
		};
		6BD4FD49258FC434002AA914 /* Build configuration list for PBXNativeTarget "VKNews" */ = {
			isa = XCConfigurationList;
			buildConfigurations = (
				6BD4FD4A258FC434002AA914 /* Debug */,
				6BD4FD4B258FC434002AA914 /* Release */,
			);
			defaultConfigurationIsVisible = 0;
			defaultConfigurationName = Release;
		};
/* End XCConfigurationList section */
	};
	rootObject = 6BD4FD2D258FC431002AA914 /* Project object */;
}
